
Microsoft Visual Studio Solution File, Format Version 12.00
# Visual Studio Version 16
VisualStudioVersion = 16.0.31613.86
MinimumVisualStudioVersion = 10.0.40219.1
Project("{FAE04EC0-301F-11D3-BF4B-00C04F79EFBC}") = "prjLab01-1", "prjLab01-1.csproj", "{0C49CE95-AE05-4E0B-A9A1-84F8EE5B5880}"
EndProject
Global
	GlobalSection(SolutionConfigurationPlatforms) = preSolution
		Debug|Any CPU = Debug|Any CPU
		Release|Any CPU = Release|Any CPU
	EndGlobalSection
	GlobalSection(ProjectConfigurationPlatforms) = postSolution
		{0C49CE95-AE05-4E0B-A9A1-84F8EE5B5880}.Debug|Any CPU.ActiveCfg = Debug|Any CPU
		{0C49CE95-AE05-4E0B-A9A1-84F8EE5B5880}.Debug|Any CPU.Build.0 = Debug|Any CPU
		{0C49CE95-AE05-4E0B-A9A1-84F8EE5B5880}.Release|Any CPU.ActiveCfg = Release|Any CPU
		{0C49CE95-AE05-4E0B-A9A1-84F8EE5B5880}.Release|Any CPU.Build.0 = Release|Any CPU
	EndGlobalSection
	GlobalSection(SolutionProperties) = preSolution
		HideSolutionNode = FALSE
	EndGlobalSection
	GlobalSection(ExtensibilityGlobals) = postSolution
		SolutionGuid = {0E86FB23-1CF5-4AA0-A302-FD44F6EA0A1F}
	EndGlobalSection
EndGlobal
