
Microsoft Visual Studio Solution File, Format Version 12.00
# Visual Studio Version 16
VisualStudioVersion = 16.0.31613.86
MinimumVisualStudioVersion = 10.0.40219.1
Project("{FAE04EC0-301F-11D3-BF4B-00C04F79EFBC}") = "Datos", "Datos\Datos.csproj", "{7BF907E9-5672-4FBB-9437-53A3869F3D73}"
EndProject
Project("{FAE04EC0-301F-11D3-BF4B-00C04F79EFBC}") = "Negocio", "Negocio\Negocio.csproj", "{E68BD8AA-F259-4D34-A902-CC12DDC00992}"
EndProject
Project("{FAE04EC0-301F-11D3-BF4B-00C04F79EFBC}") = "Presentacion", "Presentacion\Presentacion.csproj", "{8AAA260C-0A2A-4A9A-91C6-6722F9548C26}"
EndProject
Global
	GlobalSection(SolutionConfigurationPlatforms) = preSolution
		Debug|Any CPU = Debug|Any CPU
		Release|Any CPU = Release|Any CPU
	EndGlobalSection
	GlobalSection(ProjectConfigurationPlatforms) = postSolution
		{7BF907E9-5672-4FBB-9437-53A3869F3D73}.Debug|Any CPU.ActiveCfg = Debug|Any CPU
		{7BF907E9-5672-4FBB-9437-53A3869F3D73}.Debug|Any CPU.Build.0 = Debug|Any CPU
		{7BF907E9-5672-4FBB-9437-53A3869F3D73}.Release|Any CPU.ActiveCfg = Release|Any CPU
		{7BF907E9-5672-4FBB-9437-53A3869F3D73}.Release|Any CPU.Build.0 = Release|Any CPU
		{E68BD8AA-F259-4D34-A902-CC12DDC00992}.Debug|Any CPU.ActiveCfg = Debug|Any CPU
		{E68BD8AA-F259-4D34-A902-CC12DDC00992}.Debug|Any CPU.Build.0 = Debug|Any CPU
		{E68BD8AA-F259-4D34-A902-CC12DDC00992}.Release|Any CPU.ActiveCfg = Release|Any CPU
		{E68BD8AA-F259-4D34-A902-CC12DDC00992}.Release|Any CPU.Build.0 = Release|Any CPU
		{8AAA260C-0A2A-4A9A-91C6-6722F9548C26}.Debug|Any CPU.ActiveCfg = Debug|Any CPU
		{8AAA260C-0A2A-4A9A-91C6-6722F9548C26}.Debug|Any CPU.Build.0 = Debug|Any CPU
		{8AAA260C-0A2A-4A9A-91C6-6722F9548C26}.Release|Any CPU.ActiveCfg = Release|Any CPU
		{8AAA260C-0A2A-4A9A-91C6-6722F9548C26}.Release|Any CPU.Build.0 = Release|Any CPU
	EndGlobalSection
	GlobalSection(SolutionProperties) = preSolution
		HideSolutionNode = FALSE
	EndGlobalSection
	GlobalSection(ExtensibilityGlobals) = postSolution
		SolutionGuid = {C0CFD19B-C33D-449D-8134-4F606FE79415}
	EndGlobalSection
EndGlobal
