
Microsoft Visual Studio Solution File, Format Version 12.00
# Visual Studio Version 16
VisualStudioVersion = 16.0.31613.86
MinimumVisualStudioVersion = 10.0.40219.1
Project("{FAE04EC0-301F-11D3-BF4B-00C04F79EFBC}") = "Lab09", "Lab09.csproj", "{01C0E249-4C43-4DC4-B4AA-FEBACD48B50A}"
EndProject
Global
	GlobalSection(SolutionConfigurationPlatforms) = preSolution
		Debug|Any CPU = Debug|Any CPU
		Release|Any CPU = Release|Any CPU
	EndGlobalSection
	GlobalSection(ProjectConfigurationPlatforms) = postSolution
		{01C0E249-4C43-4DC4-B4AA-FEBACD48B50A}.Debug|Any CPU.ActiveCfg = Debug|Any CPU
		{01C0E249-4C43-4DC4-B4AA-FEBACD48B50A}.Debug|Any CPU.Build.0 = Debug|Any CPU
		{01C0E249-4C43-4DC4-B4AA-FEBACD48B50A}.Release|Any CPU.ActiveCfg = Release|Any CPU
		{01C0E249-4C43-4DC4-B4AA-FEBACD48B50A}.Release|Any CPU.Build.0 = Release|Any CPU
	EndGlobalSection
	GlobalSection(SolutionProperties) = preSolution
		HideSolutionNode = FALSE
	EndGlobalSection
	GlobalSection(ExtensibilityGlobals) = postSolution
		SolutionGuid = {4FA794BE-9922-4424-95C6-464E8E55CB8E}
	EndGlobalSection
EndGlobal
